
Microsoft Visual Studio Solution File, Format Version 12.00
# Visual Studio Version 17
VisualStudioVersion = 17.0.31903.59
MinimumVisualStudioVersion = 10.0.40219.1
Project("{8BC9CEB8-8B4A-11D0-8D11-00A0C91BC942}") = "blackbox_decode", "blackbox_decode\blackbox_decode.vcxproj", "{6BF61BBA-2038-44E4-BF40-E31E049A9239}"
EndProject
Project("{8BC9CEB8-8B4A-11D0-8D11-00A0C91BC942}") = "encoder_testbed", "encoder_testbed\encoder_testbed.vcxproj", "{50E54D2A-4259-459A-94E0-679BD64080DD}"
EndProject
Project("{8BC9CEB8-8B4A-11D0-8D11-00A0C91BC942}") = "blackbox_render", "blackbox_render\blackbox_render.vcxproj", "{9FA8381C-1218-496B-AE19-030734EAEC42}"
EndProject
Global
	GlobalSection(SolutionConfigurationPlatforms) = preSolution
		Debug|Win32 = Debug|Win32
		Debug|x64 = Debug|x64
		Release|Win32 = Release|Win32
		Release|x64 = Release|x64
	EndGlobalSection
	GlobalSection(ProjectConfigurationPlatforms) = postSolution
		{6BF61BBA-2038-44E4-BF40-E31E049A9239}.Debug|Win32.ActiveCfg = Debug|Win32
		{6BF61BBA-2038-44E4-BF40-E31E049A9239}.Debug|Win32.Build.0 = Debug|Win32
		{6BF61BBA-2038-44E4-BF40-E31E049A9239}.Debug|x64.ActiveCfg = Debug|x64
		{6BF61BBA-2038-44E4-BF40-E31E049A9239}.Debug|x64.Build.0 = Debug|x64
		{6BF61BBA-2038-44E4-BF40-E31E049A9239}.Release|Win32.ActiveCfg = Release|Win32
		{6BF61BBA-2038-44E4-BF40-E31E049A9239}.Release|Win32.Build.0 = Release|Win32
		{6BF61BBA-2038-44E4-BF40-E31E049A9239}.Release|x64.ActiveCfg = Release|x64
		{6BF61BBA-2038-44E4-BF40-E31E049A9239}.Release|x64.Build.0 = Release|x64
		{50E54D2A-4259-459A-94E0-679BD64080DD}.Debug|Win32.ActiveCfg = Debug|Win32
		{50E54D2A-4259-459A-94E0-679BD64080DD}.Debug|Win32.Build.0 = Debug|Win32
		{50E54D2A-4259-459A-94E0-679BD64080DD}.Debug|x64.ActiveCfg = Debug|x64
		{50E54D2A-4259-459A-94E0-679BD64080DD}.Debug|x64.Build.0 = Debug|x64
		{50E54D2A-4259-459A-94E0-679BD64080DD}.Release|Win32.ActiveCfg = Release|Win32
		{50E54D2A-4259-459A-94E0-679BD64080DD}.Release|Win32.Build.0 = Release|Win32
		{50E54D2A-4259-459A-94E0-679BD64080DD}.Release|x64.ActiveCfg = Release|x64
		{50E54D2A-4259-459A-94E0-679BD64080DD}.Release|x64.Build.0 = Release|x64
		{9FA8381C-1218-496B-AE19-030734EAEC42}.Debug|Win32.ActiveCfg = Debug|Win32
		{9FA8381C-1218-496B-AE19-030734EAEC42}.Debug|Win32.Build.0 = Debug|Win32
		{9FA8381C-1218-496B-AE19-030734EAEC42}.Debug|x64.ActiveCfg = Debug|x64
		{9FA8381C-1218-496B-AE19-030734EAEC42}.Debug|x64.Build.0 = Debug|x64
		{9FA8381C-1218-496B-AE19-030734EAEC42}.Release|Win32.ActiveCfg = Release|Win32
		{9FA8381C-1218-496B-AE19-030734EAEC42}.Release|Win32.Build.0 = Release|Win32
		{9FA8381C-1218-496B-AE19-030734EAEC42}.Release|x64.ActiveCfg = Release|x64
		{9FA8381C-1218-496B-AE19-030734EAEC42}.Release|x64.Build.0 = Release|x64
	EndGlobalSection
	GlobalSection(SolutionProperties) = preSolution
		HideSolutionNode = FALSE
	EndGlobalSection
	GlobalSection(ExtensibilityGlobals) = postSolution
		SolutionGuid = {C2B9B5F1-7F3B-4F8E-8B5E-9A5F1E8B7C3D}
	EndGlobalSection
EndGlobal
